
Microsoft Visual Studio Solution File, Format Version 11.00
# Visual Studio 2010
Project("{FAE04EC0-301F-11D3-BF4B-00C04F79EFBC}") = "ViAppleGrab", "ViAppleGrab\ViAppleGrab\ViAppleGrab.csproj", "{9630CC89-C4B7-4A08-B4A1-F0810A935F29}"
EndProject
Project("{FAE04EC0-301F-11D3-BF4B-00C04F79EFBC}") = "ViAppleGrabContent", "ViAppleGrab\ViAppleGrabContent\ViAppleGrabContent.contentproj", "{AE55CFB2-CCA1-4ACB-98F3-DDA335B78B13}"
EndProject
Project("{FAE04EC0-301F-11D3-BF4B-00C04F79EFBC}") = "ViToolkit", "ViToolkit\ViToolkit.csproj", "{2ADF4177-387C-4BAC-BB7B-E41D8C98B7F1}"
EndProject
Project("{FAE04EC0-301F-11D3-BF4B-00C04F79EFBC}") = "XML_Test_Project", "XML_Test_Project\XML_Test_Project.csproj", "{3FA4245C-9CE3-4167-9DBA-36B43181B7BE}"
EndProject
Project("{FAE04EC0-301F-11D3-BF4B-00C04F79EFBC}") = "TargetAnalysis", "TargetAnalysis\TargetAnalysis.csproj", "{7AFE0E5E-070F-49CE-9F10-BCFB6B32CE5C}"
EndProject
Project("{FAE04EC0-301F-11D3-BF4B-00C04F79EFBC}") = "ResultsAnalysis", "ResultsAnalysis\ResultsAnalysis.csproj", "{BFF320A0-2822-42AF-BE11-04ABFBECEBBE}"
EndProject
Project("{FAE04EC0-301F-11D3-BF4B-00C04F79EFBC}") = "ConfigureFirewall", "ConfigureFirewall\ConfigureFirewall.csproj", "{460C69B8-4B8F-48A1-BBC0-EBAE5B88913B}"
EndProject
Project("{FAE04EC0-301F-11D3-BF4B-00C04F79EFBC}") = "FirewallConfig", "FirewallConfig\FirewallConfig.csproj", "{816692B5-6674-4839-93BA-CC5153D31FEA}"
EndProject
Project("{54435603-DBB4-11D2-8724-00A0C9A8B90C}") = "ViAppleGrabInstaller", "ViAppleGrabInstaller\ViAppleGrabInstaller.vdproj", "{BCBC1435-14A2-425B-AB6C-BB864F66A130}"
EndProject
Project("{FAE04EC0-301F-11D3-BF4B-00C04F79EFBC}") = "ResetFirewall", "ResetFirewall\ResetFirewall.csproj", "{93778C6C-EBA8-4321-A7EE-E2D863BDF588}"
EndProject
Global
	GlobalSection(SolutionConfigurationPlatforms) = preSolution
		Debug|Any CPU = Debug|Any CPU
		Debug|Mixed Platforms = Debug|Mixed Platforms
		Debug|x86 = Debug|x86
		Release|Any CPU = Release|Any CPU
		Release|Mixed Platforms = Release|Mixed Platforms
		Release|x86 = Release|x86
	EndGlobalSection
	GlobalSection(ProjectConfigurationPlatforms) = postSolution
		{9630CC89-C4B7-4A08-B4A1-F0810A935F29}.Debug|Any CPU.ActiveCfg = Debug|x86
		{9630CC89-C4B7-4A08-B4A1-F0810A935F29}.Debug|Mixed Platforms.ActiveCfg = Debug|x86
		{9630CC89-C4B7-4A08-B4A1-F0810A935F29}.Debug|Mixed Platforms.Build.0 = Debug|x86
		{9630CC89-C4B7-4A08-B4A1-F0810A935F29}.Debug|x86.ActiveCfg = Debug|x86
		{9630CC89-C4B7-4A08-B4A1-F0810A935F29}.Debug|x86.Build.0 = Debug|x86
		{9630CC89-C4B7-4A08-B4A1-F0810A935F29}.Release|Any CPU.ActiveCfg = Release|x86
		{9630CC89-C4B7-4A08-B4A1-F0810A935F29}.Release|Mixed Platforms.ActiveCfg = Release|x86
		{9630CC89-C4B7-4A08-B4A1-F0810A935F29}.Release|Mixed Platforms.Build.0 = Release|x86
		{9630CC89-C4B7-4A08-B4A1-F0810A935F29}.Release|x86.ActiveCfg = Release|x86
		{9630CC89-C4B7-4A08-B4A1-F0810A935F29}.Release|x86.Build.0 = Release|x86
		{AE55CFB2-CCA1-4ACB-98F3-DDA335B78B13}.Debug|Any CPU.ActiveCfg = Debug|x86
		{AE55CFB2-CCA1-4ACB-98F3-DDA335B78B13}.Debug|Mixed Platforms.ActiveCfg = Debug|x86
		{AE55CFB2-CCA1-4ACB-98F3-DDA335B78B13}.Debug|x86.ActiveCfg = Debug|x86
		{AE55CFB2-CCA1-4ACB-98F3-DDA335B78B13}.Release|Any CPU.ActiveCfg = Release|x86
		{AE55CFB2-CCA1-4ACB-98F3-DDA335B78B13}.Release|Mixed Platforms.ActiveCfg = Release|x86
		{AE55CFB2-CCA1-4ACB-98F3-DDA335B78B13}.Release|x86.ActiveCfg = Release|x86
		{2ADF4177-387C-4BAC-BB7B-E41D8C98B7F1}.Debug|Any CPU.ActiveCfg = Debug|x86
		{2ADF4177-387C-4BAC-BB7B-E41D8C98B7F1}.Debug|Mixed Platforms.ActiveCfg = Debug|x86
		{2ADF4177-387C-4BAC-BB7B-E41D8C98B7F1}.Debug|Mixed Platforms.Build.0 = Debug|x86
		{2ADF4177-387C-4BAC-BB7B-E41D8C98B7F1}.Debug|x86.ActiveCfg = Debug|x86
		{2ADF4177-387C-4BAC-BB7B-E41D8C98B7F1}.Debug|x86.Build.0 = Debug|x86
		{2ADF4177-387C-4BAC-BB7B-E41D8C98B7F1}.Release|Any CPU.ActiveCfg = Release|x86
		{2ADF4177-387C-4BAC-BB7B-E41D8C98B7F1}.Release|Mixed Platforms.ActiveCfg = Release|x86
		{2ADF4177-387C-4BAC-BB7B-E41D8C98B7F1}.Release|Mixed Platforms.Build.0 = Release|x86
		{2ADF4177-387C-4BAC-BB7B-E41D8C98B7F1}.Release|x86.ActiveCfg = Release|x86
		{2ADF4177-387C-4BAC-BB7B-E41D8C98B7F1}.Release|x86.Build.0 = Release|x86
		{3FA4245C-9CE3-4167-9DBA-36B43181B7BE}.Debug|Any CPU.ActiveCfg = Debug|x86
		{3FA4245C-9CE3-4167-9DBA-36B43181B7BE}.Debug|Mixed Platforms.ActiveCfg = Debug|x86
		{3FA4245C-9CE3-4167-9DBA-36B43181B7BE}.Debug|Mixed Platforms.Build.0 = Debug|x86
		{3FA4245C-9CE3-4167-9DBA-36B43181B7BE}.Debug|x86.ActiveCfg = Debug|x86
		{3FA4245C-9CE3-4167-9DBA-36B43181B7BE}.Debug|x86.Build.0 = Debug|x86
		{3FA4245C-9CE3-4167-9DBA-36B43181B7BE}.Release|Any CPU.ActiveCfg = Release|x86
		{3FA4245C-9CE3-4167-9DBA-36B43181B7BE}.Release|Mixed Platforms.ActiveCfg = Release|x86
		{3FA4245C-9CE3-4167-9DBA-36B43181B7BE}.Release|Mixed Platforms.Build.0 = Release|x86
		{3FA4245C-9CE3-4167-9DBA-36B43181B7BE}.Release|x86.ActiveCfg = Release|x86
		{3FA4245C-9CE3-4167-9DBA-36B43181B7BE}.Release|x86.Build.0 = Release|x86
		{7AFE0E5E-070F-49CE-9F10-BCFB6B32CE5C}.Debug|Any CPU.ActiveCfg = Debug|x86
		{7AFE0E5E-070F-49CE-9F10-BCFB6B32CE5C}.Debug|Mixed Platforms.ActiveCfg = Debug|x86
		{7AFE0E5E-070F-49CE-9F10-BCFB6B32CE5C}.Debug|Mixed Platforms.Build.0 = Debug|x86
		{7AFE0E5E-070F-49CE-9F10-BCFB6B32CE5C}.Debug|x86.ActiveCfg = Debug|x86
		{7AFE0E5E-070F-49CE-9F10-BCFB6B32CE5C}.Debug|x86.Build.0 = Debug|x86
		{7AFE0E5E-070F-49CE-9F10-BCFB6B32CE5C}.Release|Any CPU.ActiveCfg = Release|x86
		{7AFE0E5E-070F-49CE-9F10-BCFB6B32CE5C}.Release|Mixed Platforms.ActiveCfg = Release|x86
		{7AFE0E5E-070F-49CE-9F10-BCFB6B32CE5C}.Release|Mixed Platforms.Build.0 = Release|x86
		{7AFE0E5E-070F-49CE-9F10-BCFB6B32CE5C}.Release|x86.ActiveCfg = Release|x86
		{7AFE0E5E-070F-49CE-9F10-BCFB6B32CE5C}.Release|x86.Build.0 = Release|x86
		{BFF320A0-2822-42AF-BE11-04ABFBECEBBE}.Debug|Any CPU.ActiveCfg = Debug|x86
		{BFF320A0-2822-42AF-BE11-04ABFBECEBBE}.Debug|Mixed Platforms.ActiveCfg = Debug|x86
		{BFF320A0-2822-42AF-BE11-04ABFBECEBBE}.Debug|Mixed Platforms.Build.0 = Debug|x86
		{BFF320A0-2822-42AF-BE11-04ABFBECEBBE}.Debug|x86.ActiveCfg = Debug|x86
		{BFF320A0-2822-42AF-BE11-04ABFBECEBBE}.Debug|x86.Build.0 = Debug|x86
		{BFF320A0-2822-42AF-BE11-04ABFBECEBBE}.Release|Any CPU.ActiveCfg = Release|x86
		{BFF320A0-2822-42AF-BE11-04ABFBECEBBE}.Release|Mixed Platforms.ActiveCfg = Release|x86
		{BFF320A0-2822-42AF-BE11-04ABFBECEBBE}.Release|Mixed Platforms.Build.0 = Release|x86
		{BFF320A0-2822-42AF-BE11-04ABFBECEBBE}.Release|x86.ActiveCfg = Release|x86
		{BFF320A0-2822-42AF-BE11-04ABFBECEBBE}.Release|x86.Build.0 = Release|x86
		{460C69B8-4B8F-48A1-BBC0-EBAE5B88913B}.Debug|Any CPU.ActiveCfg = Debug|x86
		{460C69B8-4B8F-48A1-BBC0-EBAE5B88913B}.Debug|Mixed Platforms.ActiveCfg = Debug|x86
		{460C69B8-4B8F-48A1-BBC0-EBAE5B88913B}.Debug|Mixed Platforms.Build.0 = Debug|x86
		{460C69B8-4B8F-48A1-BBC0-EBAE5B88913B}.Debug|x86.ActiveCfg = Debug|x86
		{460C69B8-4B8F-48A1-BBC0-EBAE5B88913B}.Debug|x86.Build.0 = Debug|x86
		{460C69B8-4B8F-48A1-BBC0-EBAE5B88913B}.Release|Any CPU.ActiveCfg = Release|x86
		{460C69B8-4B8F-48A1-BBC0-EBAE5B88913B}.Release|Mixed Platforms.ActiveCfg = Release|x86
		{460C69B8-4B8F-48A1-BBC0-EBAE5B88913B}.Release|Mixed Platforms.Build.0 = Release|x86
		{460C69B8-4B8F-48A1-BBC0-EBAE5B88913B}.Release|x86.ActiveCfg = Release|x86
		{460C69B8-4B8F-48A1-BBC0-EBAE5B88913B}.Release|x86.Build.0 = Release|x86
		{816692B5-6674-4839-93BA-CC5153D31FEA}.Debug|Any CPU.ActiveCfg = Debug|Any CPU
		{816692B5-6674-4839-93BA-CC5153D31FEA}.Debug|Any CPU.Build.0 = Debug|Any CPU
		{816692B5-6674-4839-93BA-CC5153D31FEA}.Debug|Mixed Platforms.ActiveCfg = Debug|Any CPU
		{816692B5-6674-4839-93BA-CC5153D31FEA}.Debug|Mixed Platforms.Build.0 = Debug|Any CPU
		{816692B5-6674-4839-93BA-CC5153D31FEA}.Debug|x86.ActiveCfg = Debug|Any CPU
		{816692B5-6674-4839-93BA-CC5153D31FEA}.Release|Any CPU.ActiveCfg = Release|Any CPU
		{816692B5-6674-4839-93BA-CC5153D31FEA}.Release|Any CPU.Build.0 = Release|Any CPU
		{816692B5-6674-4839-93BA-CC5153D31FEA}.Release|Mixed Platforms.ActiveCfg = Release|Any CPU
		{816692B5-6674-4839-93BA-CC5153D31FEA}.Release|Mixed Platforms.Build.0 = Release|Any CPU
		{816692B5-6674-4839-93BA-CC5153D31FEA}.Release|x86.ActiveCfg = Release|Any CPU
		{BCBC1435-14A2-425B-AB6C-BB864F66A130}.Debug|Any CPU.ActiveCfg = Debug
		{BCBC1435-14A2-425B-AB6C-BB864F66A130}.Debug|Mixed Platforms.ActiveCfg = Debug
		{BCBC1435-14A2-425B-AB6C-BB864F66A130}.Debug|x86.ActiveCfg = Debug
		{BCBC1435-14A2-425B-AB6C-BB864F66A130}.Release|Any CPU.ActiveCfg = Release
		{BCBC1435-14A2-425B-AB6C-BB864F66A130}.Release|Mixed Platforms.ActiveCfg = Release
		{BCBC1435-14A2-425B-AB6C-BB864F66A130}.Release|x86.ActiveCfg = Release
		{93778C6C-EBA8-4321-A7EE-E2D863BDF588}.Debug|Any CPU.ActiveCfg = Debug|x86
		{93778C6C-EBA8-4321-A7EE-E2D863BDF588}.Debug|Mixed Platforms.ActiveCfg = Debug|x86
		{93778C6C-EBA8-4321-A7EE-E2D863BDF588}.Debug|Mixed Platforms.Build.0 = Debug|x86
		{93778C6C-EBA8-4321-A7EE-E2D863BDF588}.Debug|x86.ActiveCfg = Debug|x86
		{93778C6C-EBA8-4321-A7EE-E2D863BDF588}.Debug|x86.Build.0 = Debug|x86
		{93778C6C-EBA8-4321-A7EE-E2D863BDF588}.Release|Any CPU.ActiveCfg = Release|x86
		{93778C6C-EBA8-4321-A7EE-E2D863BDF588}.Release|Mixed Platforms.ActiveCfg = Release|x86
		{93778C6C-EBA8-4321-A7EE-E2D863BDF588}.Release|Mixed Platforms.Build.0 = Release|x86
		{93778C6C-EBA8-4321-A7EE-E2D863BDF588}.Release|x86.ActiveCfg = Release|x86
		{93778C6C-EBA8-4321-A7EE-E2D863BDF588}.Release|x86.Build.0 = Release|x86
	EndGlobalSection
	GlobalSection(SolutionProperties) = preSolution
		HideSolutionNode = FALSE
	EndGlobalSection
EndGlobal
